
Microsoft Visual Studio Solution File, Format Version 12.00
# Visual Studio 15
VisualStudioVersion = 15.0.26228.102
MinimumVisualStudioVersion = 10.0.40219.1
Project("{FAE04EC0-301F-11D3-BF4B-00C04F79EFBC}") = "SchoolManagmentSystem", "SchoolManagmentSystem\SchoolManagmentSystem.csproj", "{3C3F3F14-938D-4C18-A262-759A6DED3F3F}"
EndProject
Project("{FAE04EC0-301F-11D3-BF4B-00C04F79EFBC}") = "SchoolManagmentSystem.Model", "SchoolManagmentSystem.Model\SchoolManagmentSystem.Model.csproj", "{7B8FC8AC-79A7-40DB-A526-A68CEAC91ADA}"
EndProject
Project("{FAE04EC0-301F-11D3-BF4B-00C04F79EFBC}") = "SchoolManagmentSystem.DatabaseContext", "SchoolManagmentSystem.DatabaseContext\SchoolManagmentSystem.DatabaseContext.csproj", "{FA610D79-67E9-49A5-9288-2D9A5F2D42B2}"
EndProject
Project("{FAE04EC0-301F-11D3-BF4B-00C04F79EFBC}") = "SchoolManagmentSystem.BLL", "SchoolManagmentSystem.BLL\SchoolManagmentSystem.BLL.csproj", "{A7101B7C-6EC0-48B6-9C8C-E2AFE6799F3E}"
EndProject
Project("{FAE04EC0-301F-11D3-BF4B-00C04F79EFBC}") = "SchoolManagmentSystem.Repository", "SchoolManagmentSystem.Repository\SchoolManagmentSystem.Repository.csproj", "{276D75D6-12D9-4669-8456-A34B46286F91}"
EndProject
Global
	GlobalSection(SolutionConfigurationPlatforms) = preSolution
		Debug|Any CPU = Debug|Any CPU
		Release|Any CPU = Release|Any CPU
	EndGlobalSection
	GlobalSection(ProjectConfigurationPlatforms) = postSolution
		{3C3F3F14-938D-4C18-A262-759A6DED3F3F}.Debug|Any CPU.ActiveCfg = Debug|Any CPU
		{3C3F3F14-938D-4C18-A262-759A6DED3F3F}.Debug|Any CPU.Build.0 = Debug|Any CPU
		{3C3F3F14-938D-4C18-A262-759A6DED3F3F}.Release|Any CPU.ActiveCfg = Release|Any CPU
		{3C3F3F14-938D-4C18-A262-759A6DED3F3F}.Release|Any CPU.Build.0 = Release|Any CPU
		{7B8FC8AC-79A7-40DB-A526-A68CEAC91ADA}.Debug|Any CPU.ActiveCfg = Debug|Any CPU
		{7B8FC8AC-79A7-40DB-A526-A68CEAC91ADA}.Debug|Any CPU.Build.0 = Debug|Any CPU
		{7B8FC8AC-79A7-40DB-A526-A68CEAC91ADA}.Release|Any CPU.ActiveCfg = Release|Any CPU
		{7B8FC8AC-79A7-40DB-A526-A68CEAC91ADA}.Release|Any CPU.Build.0 = Release|Any CPU
		{FA610D79-67E9-49A5-9288-2D9A5F2D42B2}.Debug|Any CPU.ActiveCfg = Debug|Any CPU
		{FA610D79-67E9-49A5-9288-2D9A5F2D42B2}.Debug|Any CPU.Build.0 = Debug|Any CPU
		{FA610D79-67E9-49A5-9288-2D9A5F2D42B2}.Release|Any CPU.ActiveCfg = Release|Any CPU
		{FA610D79-67E9-49A5-9288-2D9A5F2D42B2}.Release|Any CPU.Build.0 = Release|Any CPU
		{A7101B7C-6EC0-48B6-9C8C-E2AFE6799F3E}.Debug|Any CPU.ActiveCfg = Debug|Any CPU
		{A7101B7C-6EC0-48B6-9C8C-E2AFE6799F3E}.Debug|Any CPU.Build.0 = Debug|Any CPU
		{A7101B7C-6EC0-48B6-9C8C-E2AFE6799F3E}.Release|Any CPU.ActiveCfg = Release|Any CPU
		{A7101B7C-6EC0-48B6-9C8C-E2AFE6799F3E}.Release|Any CPU.Build.0 = Release|Any CPU
		{276D75D6-12D9-4669-8456-A34B46286F91}.Debug|Any CPU.ActiveCfg = Debug|Any CPU
		{276D75D6-12D9-4669-8456-A34B46286F91}.Debug|Any CPU.Build.0 = Debug|Any CPU
		{276D75D6-12D9-4669-8456-A34B46286F91}.Release|Any CPU.ActiveCfg = Release|Any CPU
		{276D75D6-12D9-4669-8456-A34B46286F91}.Release|Any CPU.Build.0 = Release|Any CPU
	EndGlobalSection
	GlobalSection(SolutionProperties) = preSolution
		HideSolutionNode = FALSE
	EndGlobalSection
EndGlobal
